
Microsoft Visual Studio Solution File, Format Version 12.00
# Visual Studio Version 16
VisualStudioVersion = 16.0.30804.86
MinimumVisualStudioVersion = 10.0.40219.1
Project("{FAE04EC0-301F-11D3-BF4B-00C04F79EFBC}") = "AtmMachine", "AtmMachine\AtmMachine.csproj", "{C22FBF6B-B99C-4CF0-B133-3EB2A3190E31}"
EndProject
Global
	GlobalSection(SolutionConfigurationPlatforms) = preSolution
		Debug|Any CPU = Debug|Any CPU
		Release|Any CPU = Release|Any CPU
	EndGlobalSection
	GlobalSection(ProjectConfigurationPlatforms) = postSolution
		{C22FBF6B-B99C-4CF0-B133-3EB2A3190E31}.Debug|Any CPU.ActiveCfg = Debug|Any CPU
		{C22FBF6B-B99C-4CF0-B133-3EB2A3190E31}.Debug|Any CPU.Build.0 = Debug|Any CPU
		{C22FBF6B-B99C-4CF0-B133-3EB2A3190E31}.Release|Any CPU.ActiveCfg = Release|Any CPU
		{C22FBF6B-B99C-4CF0-B133-3EB2A3190E31}.Release|Any CPU.Build.0 = Release|Any CPU
	EndGlobalSection
	GlobalSection(SolutionProperties) = preSolution
		HideSolutionNode = FALSE
	EndGlobalSection
	GlobalSection(ExtensibilityGlobals) = postSolution
		SolutionGuid = {EFD876EE-FC99-4025-8A84-2FE2647D7A71}
	EndGlobalSection
EndGlobal
